
Microsoft Visual Studio Solution File, Format Version 12.00
# Visual Studio Version 16
VisualStudioVersion = 16.0.31025.218
MinimumVisualStudioVersion = 10.0.40219.1
Project("{FAE04EC0-301F-11D3-BF4B-00C04F79EFBC}") = "BPsWasmHostedAuth.Server", "BPsWasmHostedAuth\Server\BPsWasmHostedAuth.Server.csproj", "{832EC791-1BE3-4B43-A503-8C9028B8E2CD}"
EndProject
Project("{FAE04EC0-301F-11D3-BF4B-00C04F79EFBC}") = "BPsWasmHostedAuth.Client", "BPsWasmHostedAuth\Client\BPsWasmHostedAuth.Client.csproj", "{79E95121-9198-4504-82B6-8238583998E2}"
EndProject
Project("{FAE04EC0-301F-11D3-BF4B-00C04F79EFBC}") = "BPsWasmHostedAuth.Shared", "BPsWasmHostedAuth\Shared\BPsWasmHostedAuth.Shared.csproj", "{A090663B-E4E7-4D85-B220-6F51D49D50B8}"
EndProject
Global
	GlobalSection(SolutionConfigurationPlatforms) = preSolution
		Debug|Any CPU = Debug|Any CPU
		Release|Any CPU = Release|Any CPU
	EndGlobalSection
	GlobalSection(ProjectConfigurationPlatforms) = postSolution
		{832EC791-1BE3-4B43-A503-8C9028B8E2CD}.Debug|Any CPU.ActiveCfg = Debug|Any CPU
		{832EC791-1BE3-4B43-A503-8C9028B8E2CD}.Debug|Any CPU.Build.0 = Debug|Any CPU
		{832EC791-1BE3-4B43-A503-8C9028B8E2CD}.Release|Any CPU.ActiveCfg = Release|Any CPU
		{832EC791-1BE3-4B43-A503-8C9028B8E2CD}.Release|Any CPU.Build.0 = Release|Any CPU
		{79E95121-9198-4504-82B6-8238583998E2}.Debug|Any CPU.ActiveCfg = Debug|Any CPU
		{79E95121-9198-4504-82B6-8238583998E2}.Debug|Any CPU.Build.0 = Debug|Any CPU
		{79E95121-9198-4504-82B6-8238583998E2}.Release|Any CPU.ActiveCfg = Release|Any CPU
		{79E95121-9198-4504-82B6-8238583998E2}.Release|Any CPU.Build.0 = Release|Any CPU
		{A090663B-E4E7-4D85-B220-6F51D49D50B8}.Debug|Any CPU.ActiveCfg = Debug|Any CPU
		{A090663B-E4E7-4D85-B220-6F51D49D50B8}.Debug|Any CPU.Build.0 = Debug|Any CPU
		{A090663B-E4E7-4D85-B220-6F51D49D50B8}.Release|Any CPU.ActiveCfg = Release|Any CPU
		{A090663B-E4E7-4D85-B220-6F51D49D50B8}.Release|Any CPU.Build.0 = Release|Any CPU
	EndGlobalSection
	GlobalSection(SolutionProperties) = preSolution
		HideSolutionNode = FALSE
	EndGlobalSection
	GlobalSection(ExtensibilityGlobals) = postSolution
		SolutionGuid = {B7357FB9-78F0-4FA9-8314-4223FA7392DF}
	EndGlobalSection
EndGlobal
